
Microsoft Visual Studio Solution File, Format Version 12.00
# Visual Studio Version 16
VisualStudioVersion = 16.0.29411.108
MinimumVisualStudioVersion = 10.0.40219.1
Project("{8BC9CEB8-8B4A-11D0-8D11-00A0C91BC942}") = "equivalent", "equivalent\equivalent.vcxproj", "{88D9309B-7E0E-4DB0-B995-83BA88FEE651}"
EndProject
Project("{8BC9CEB8-8B4A-11D0-8D11-00A0C91BC942}") = "countMarbleExchange", "..\countMarbleExchange\countMarbleExchange\countMarbleExchange.vcxproj", "{5B07E4F7-B41B-4377-8EE4-39F2D32772FB}"
EndProject
Project("{8BC9CEB8-8B4A-11D0-8D11-00A0C91BC942}") = "findBiggestNumber", "..\findBiggestNumber\findBiggestNumber\findBiggestNumber.vcxproj", "{3892020A-8A77-465A-B31C-2BCC1D9491D9}"
EndProject
Project("{8BC9CEB8-8B4A-11D0-8D11-00A0C91BC942}") = "exchangeMoney", "exchangeMoney\exchangeMoney.vcxproj", "{47B16D42-F3D8-41B0-8371-A2AF030F1EDF}"
EndProject
Project("{8BC9CEB8-8B4A-11D0-8D11-00A0C91BC942}") = "codewar2019_treasurePath", "codewar2019_treasurePath\codewar2019_treasurePath.vcxproj", "{411AE40C-049A-4E36-92EA-C50CEA225E5E}"
EndProject
Project("{8BC9CEB8-8B4A-11D0-8D11-00A0C91BC942}") = "unlockTheCode", "unlockTheCode\unlockTheCode.vcxproj", "{8C6150D4-6898-4041-9888-234FB70FD756}"
EndProject
Project("{8BC9CEB8-8B4A-11D0-8D11-00A0C91BC942}") = "examRush", "examRush\examRush.vcxproj", "{5E091105-ACED-480C-820D-63A9EAF6587E}"
EndProject
Global
	GlobalSection(SolutionConfigurationPlatforms) = preSolution
		Debug|x64 = Debug|x64
		Debug|x86 = Debug|x86
		Release|x64 = Release|x64
		Release|x86 = Release|x86
	EndGlobalSection
	GlobalSection(ProjectConfigurationPlatforms) = postSolution
		{88D9309B-7E0E-4DB0-B995-83BA88FEE651}.Debug|x64.ActiveCfg = Debug|x64
		{88D9309B-7E0E-4DB0-B995-83BA88FEE651}.Debug|x64.Build.0 = Debug|x64
		{88D9309B-7E0E-4DB0-B995-83BA88FEE651}.Debug|x86.ActiveCfg = Debug|Win32
		{88D9309B-7E0E-4DB0-B995-83BA88FEE651}.Debug|x86.Build.0 = Debug|Win32
		{88D9309B-7E0E-4DB0-B995-83BA88FEE651}.Release|x64.ActiveCfg = Release|x64
		{88D9309B-7E0E-4DB0-B995-83BA88FEE651}.Release|x64.Build.0 = Release|x64
		{88D9309B-7E0E-4DB0-B995-83BA88FEE651}.Release|x86.ActiveCfg = Release|Win32
		{88D9309B-7E0E-4DB0-B995-83BA88FEE651}.Release|x86.Build.0 = Release|Win32
		{5B07E4F7-B41B-4377-8EE4-39F2D32772FB}.Debug|x64.ActiveCfg = Debug|x64
		{5B07E4F7-B41B-4377-8EE4-39F2D32772FB}.Debug|x64.Build.0 = Debug|x64
		{5B07E4F7-B41B-4377-8EE4-39F2D32772FB}.Debug|x86.ActiveCfg = Debug|Win32
		{5B07E4F7-B41B-4377-8EE4-39F2D32772FB}.Debug|x86.Build.0 = Debug|Win32
		{5B07E4F7-B41B-4377-8EE4-39F2D32772FB}.Release|x64.ActiveCfg = Release|x64
		{5B07E4F7-B41B-4377-8EE4-39F2D32772FB}.Release|x64.Build.0 = Release|x64
		{5B07E4F7-B41B-4377-8EE4-39F2D32772FB}.Release|x86.ActiveCfg = Release|Win32
		{5B07E4F7-B41B-4377-8EE4-39F2D32772FB}.Release|x86.Build.0 = Release|Win32
		{3892020A-8A77-465A-B31C-2BCC1D9491D9}.Debug|x64.ActiveCfg = Debug|x64
		{3892020A-8A77-465A-B31C-2BCC1D9491D9}.Debug|x64.Build.0 = Debug|x64
		{3892020A-8A77-465A-B31C-2BCC1D9491D9}.Debug|x86.ActiveCfg = Debug|Win32
		{3892020A-8A77-465A-B31C-2BCC1D9491D9}.Debug|x86.Build.0 = Debug|Win32
		{3892020A-8A77-465A-B31C-2BCC1D9491D9}.Release|x64.ActiveCfg = Release|x64
		{3892020A-8A77-465A-B31C-2BCC1D9491D9}.Release|x64.Build.0 = Release|x64
		{3892020A-8A77-465A-B31C-2BCC1D9491D9}.Release|x86.ActiveCfg = Release|Win32
		{3892020A-8A77-465A-B31C-2BCC1D9491D9}.Release|x86.Build.0 = Release|Win32
		{47B16D42-F3D8-41B0-8371-A2AF030F1EDF}.Debug|x64.ActiveCfg = Debug|x64
		{47B16D42-F3D8-41B0-8371-A2AF030F1EDF}.Debug|x64.Build.0 = Debug|x64
		{47B16D42-F3D8-41B0-8371-A2AF030F1EDF}.Debug|x86.ActiveCfg = Debug|Win32
		{47B16D42-F3D8-41B0-8371-A2AF030F1EDF}.Debug|x86.Build.0 = Debug|Win32
		{47B16D42-F3D8-41B0-8371-A2AF030F1EDF}.Release|x64.ActiveCfg = Release|x64
		{47B16D42-F3D8-41B0-8371-A2AF030F1EDF}.Release|x64.Build.0 = Release|x64
		{47B16D42-F3D8-41B0-8371-A2AF030F1EDF}.Release|x86.ActiveCfg = Release|Win32
		{47B16D42-F3D8-41B0-8371-A2AF030F1EDF}.Release|x86.Build.0 = Release|Win32
		{411AE40C-049A-4E36-92EA-C50CEA225E5E}.Debug|x64.ActiveCfg = Debug|x64
		{411AE40C-049A-4E36-92EA-C50CEA225E5E}.Debug|x64.Build.0 = Debug|x64
		{411AE40C-049A-4E36-92EA-C50CEA225E5E}.Debug|x86.ActiveCfg = Debug|Win32
		{411AE40C-049A-4E36-92EA-C50CEA225E5E}.Debug|x86.Build.0 = Debug|Win32
		{411AE40C-049A-4E36-92EA-C50CEA225E5E}.Release|x64.ActiveCfg = Release|x64
		{411AE40C-049A-4E36-92EA-C50CEA225E5E}.Release|x64.Build.0 = Release|x64
		{411AE40C-049A-4E36-92EA-C50CEA225E5E}.Release|x86.ActiveCfg = Release|Win32
		{411AE40C-049A-4E36-92EA-C50CEA225E5E}.Release|x86.Build.0 = Release|Win32
		{8C6150D4-6898-4041-9888-234FB70FD756}.Debug|x64.ActiveCfg = Debug|x64
		{8C6150D4-6898-4041-9888-234FB70FD756}.Debug|x64.Build.0 = Debug|x64
		{8C6150D4-6898-4041-9888-234FB70FD756}.Debug|x86.ActiveCfg = Debug|Win32
		{8C6150D4-6898-4041-9888-234FB70FD756}.Debug|x86.Build.0 = Debug|Win32
		{8C6150D4-6898-4041-9888-234FB70FD756}.Release|x64.ActiveCfg = Release|x64
		{8C6150D4-6898-4041-9888-234FB70FD756}.Release|x64.Build.0 = Release|x64
		{8C6150D4-6898-4041-9888-234FB70FD756}.Release|x86.ActiveCfg = Release|Win32
		{8C6150D4-6898-4041-9888-234FB70FD756}.Release|x86.Build.0 = Release|Win32
		{5E091105-ACED-480C-820D-63A9EAF6587E}.Debug|x64.ActiveCfg = Debug|x64
		{5E091105-ACED-480C-820D-63A9EAF6587E}.Debug|x64.Build.0 = Debug|x64
		{5E091105-ACED-480C-820D-63A9EAF6587E}.Debug|x86.ActiveCfg = Debug|Win32
		{5E091105-ACED-480C-820D-63A9EAF6587E}.Debug|x86.Build.0 = Debug|Win32
		{5E091105-ACED-480C-820D-63A9EAF6587E}.Release|x64.ActiveCfg = Release|x64
		{5E091105-ACED-480C-820D-63A9EAF6587E}.Release|x64.Build.0 = Release|x64
		{5E091105-ACED-480C-820D-63A9EAF6587E}.Release|x86.ActiveCfg = Release|Win32
		{5E091105-ACED-480C-820D-63A9EAF6587E}.Release|x86.Build.0 = Release|Win32
	EndGlobalSection
	GlobalSection(SolutionProperties) = preSolution
		HideSolutionNode = FALSE
	EndGlobalSection
	GlobalSection(ExtensibilityGlobals) = postSolution
		SolutionGuid = {E111336C-13E4-46BA-96E2-BFFC0F7F364C}
	EndGlobalSection
EndGlobal
